
Microsoft Visual Studio Solution File, Format Version 12.00
# Visual Studio 15
VisualStudioVersion = 15.0.28307.705
MinimumVisualStudioVersion = 10.0.40219.1
Project("{FAE04EC0-301F-11D3-BF4B-00C04F79EFBC}") = "EmployeeProjectManagement", "EmployeeProjectManagement\EmployeeProjectManagement.csproj", "{0493FDAF-82C1-42B2-BA31-8587FC0F6BD0}"
EndProject
Global
	GlobalSection(SolutionConfigurationPlatforms) = preSolution
		Debug|Any CPU = Debug|Any CPU
		Release|Any CPU = Release|Any CPU
	EndGlobalSection
	GlobalSection(ProjectConfigurationPlatforms) = postSolution
		{0493FDAF-82C1-42B2-BA31-8587FC0F6BD0}.Debug|Any CPU.ActiveCfg = Debug|Any CPU
		{0493FDAF-82C1-42B2-BA31-8587FC0F6BD0}.Debug|Any CPU.Build.0 = Debug|Any CPU
		{0493FDAF-82C1-42B2-BA31-8587FC0F6BD0}.Release|Any CPU.ActiveCfg = Release|Any CPU
		{0493FDAF-82C1-42B2-BA31-8587FC0F6BD0}.Release|Any CPU.Build.0 = Release|Any CPU
	EndGlobalSection
	GlobalSection(SolutionProperties) = preSolution
		HideSolutionNode = FALSE
	EndGlobalSection
	GlobalSection(ExtensibilityGlobals) = postSolution
		SolutionGuid = {74135CE1-8464-4BDE-931E-DC7863E991A0}
	EndGlobalSection
EndGlobal
